// !$*UTF8*$!
{
	archiveVersion = 1;
	classes = {
	};
	objectVersion = 55;
	objects = {

/* Begin PBXBuildFile section */
		D49E9DF5287BBB2D00BA398A /* AppDelegate.swift in Sources */ = {isa = PBXBuildFile; fileRef = D49E9DF4287BBB2D00BA398A /* AppDelegate.swift */; };
		D49E9DF7287BBB2D00BA398A /* SceneDelegate.swift in Sources */ = {isa = PBXBuildFile; fileRef = D49E9DF6287BBB2D00BA398A /* SceneDelegate.swift */; };
		D49E9DF9287BBB2D00BA398A /* ViewController.swift in Sources */ = {isa = PBXBuildFile; fileRef = D49E9DF8287BBB2D00BA398A /* ViewController.swift */; };
		D49E9DFC287BBB2D00BA398A /* Main.storyboard in Resources */ = {isa = PBXBuildFile; fileRef = D49E9DFA287BBB2D00BA398A /* Main.storyboard */; };
		D49E9DFE287BBB2E00BA398A /* Assets.xcassets in Resources */ = {isa = PBXBuildFile; fileRef = D49E9DFD287BBB2E00BA398A /* Assets.xcassets */; };
		D49E9E01287BBB2E00BA398A /* LaunchScreen.storyboard in Resources */ = {isa = PBXBuildFile; fileRef = D49E9DFF287BBB2E00BA398A /* LaunchScreen.storyboard */; };
		D49E9E0C287BBB2F00BA398A /* Food_AppTests.swift in Sources */ = {isa = PBXBuildFile; fileRef = D49E9E0B287BBB2F00BA398A /* Food_AppTests.swift */; };
		D49E9E16287BBB2F00BA398A /* Food_AppUITests.swift in Sources */ = {isa = PBXBuildFile; fileRef = D49E9E15287BBB2F00BA398A /* Food_AppUITests.swift */; };
		D49E9E18287BBB2F00BA398A /* Food_AppUITestsLaunchTests.swift in Sources */ = {isa = PBXBuildFile; fileRef = D49E9E17287BBB2F00BA398A /* Food_AppUITestsLaunchTests.swift */; };
		D49E9E29287BBF8600BA398A /* OnBoardingViewController.swift in Sources */ = {isa = PBXBuildFile; fileRef = D49E9E28287BBF8600BA398A /* OnBoardingViewController.swift */; };
		D49E9E2C287BC60200BA398A /* UiView+Extension.swift in Sources */ = {isa = PBXBuildFile; fileRef = D49E9E2B287BC60200BA398A /* UiView+Extension.swift */; };
		D49E9E2E287BC73600BA398A /* OnBoardingSlide.swift in Sources */ = {isa = PBXBuildFile; fileRef = D49E9E2D287BC73600BA398A /* OnBoardingSlide.swift */; };
		D49E9E30287BCAB000BA398A /* OnboardingCollectionViewCell.swift in Sources */ = {isa = PBXBuildFile; fileRef = D49E9E2F287BCAB000BA398A /* OnboardingCollectionViewCell.swift */; };
/* End PBXBuildFile section */

/* Begin PBXContainerItemProxy section */
		D49E9E08287BBB2E00BA398A /* PBXContainerItemProxy */ = {
			isa = PBXContainerItemProxy;
			containerPortal = D49E9DE9287BBB2D00BA398A /* Project object */;
			proxyType = 1;
			remoteGlobalIDString = D49E9DF0287BBB2D00BA398A;
			remoteInfo = "Food App";
		};
		D49E9E12287BBB2F00BA398A /* PBXContainerItemProxy */ = {
			isa = PBXContainerItemProxy;
			containerPortal = D49E9DE9287BBB2D00BA398A /* Project object */;
			proxyType = 1;
			remoteGlobalIDString = D49E9DF0287BBB2D00BA398A;
			remoteInfo = "Food App";
		};
/* End PBXContainerItemProxy section */

/* Begin PBXFileReference section */
		D49E9DF1287BBB2D00BA398A /* Food App.app */ = {isa = PBXFileReference; explicitFileType = wrapper.application; includeInIndex = 0; path = "Food App.app"; sourceTree = BUILT_PRODUCTS_DIR; };
		D49E9DF4287BBB2D00BA398A /* AppDelegate.swift */ = {isa = PBXFileReference; lastKnownFileType = sourcecode.swift; path = AppDelegate.swift; sourceTree = "<group>"; };
		D49E9DF6287BBB2D00BA398A /* SceneDelegate.swift */ = {isa = PBXFileReference; lastKnownFileType = sourcecode.swift; path = SceneDelegate.swift; sourceTree = "<group>"; };
		D49E9DF8287BBB2D00BA398A /* ViewController.swift */ = {isa = PBXFileReference; lastKnownFileType = sourcecode.swift; path = ViewController.swift; sourceTree = "<group>"; };
		D49E9DFB287BBB2D00BA398A /* Base */ = {isa = PBXFileReference; lastKnownFileType = file.storyboard; name = Base; path = Base.lproj/Main.storyboard; sourceTree = "<group>"; };
		D49E9DFD287BBB2E00BA398A /* Assets.xcassets */ = {isa = PBXFileReference; lastKnownFileType = folder.assetcatalog; path = Assets.xcassets; sourceTree = "<group>"; };
		D49E9E00287BBB2E00BA398A /* Base */ = {isa = PBXFileReference; lastKnownFileType = file.storyboard; name = Base; path = Base.lproj/LaunchScreen.storyboard; sourceTree = "<group>"; };
		D49E9E02287BBB2E00BA398A /* Info.plist */ = {isa = PBXFileReference; lastKnownFileType = text.plist.xml; path = Info.plist; sourceTree = "<group>"; };
		D49E9E07287BBB2E00BA398A /* Food AppTests.xctest */ = {isa = PBXFileReference; explicitFileType = wrapper.cfbundle; includeInIndex = 0; path = "Food AppTests.xctest"; sourceTree = BUILT_PRODUCTS_DIR; };
		D49E9E0B287BBB2F00BA398A /* Food_AppTests.swift */ = {isa = PBXFileReference; lastKnownFileType = sourcecode.swift; path = Food_AppTests.swift; sourceTree = "<group>"; };
		D49E9E11287BBB2F00BA398A /* Food AppUITests.xctest */ = {isa = PBXFileReference; explicitFileType = wrapper.cfbundle; includeInIndex = 0; path = "Food AppUITests.xctest"; sourceTree = BUILT_PRODUCTS_DIR; };
		D49E9E15287BBB2F00BA398A /* Food_AppUITests.swift */ = {isa = PBXFileReference; lastKnownFileType = sourcecode.swift; path = Food_AppUITests.swift; sourceTree = "<group>"; };
		D49E9E17287BBB2F00BA398A /* Food_AppUITestsLaunchTests.swift */ = {isa = PBXFileReference; lastKnownFileType = sourcecode.swift; path = Food_AppUITestsLaunchTests.swift; sourceTree = "<group>"; };
		D49E9E28287BBF8600BA398A /* OnBoardingViewController.swift */ = {isa = PBXFileReference; lastKnownFileType = sourcecode.swift; path = OnBoardingViewController.swift; sourceTree = "<group>"; };
		D49E9E2B287BC60200BA398A /* UiView+Extension.swift */ = {isa = PBXFileReference; lastKnownFileType = sourcecode.swift; path = "UiView+Extension.swift"; sourceTree = "<group>"; };
		D49E9E2D287BC73600BA398A /* OnBoardingSlide.swift */ = {isa = PBXFileReference; lastKnownFileType = sourcecode.swift; path = OnBoardingSlide.swift; sourceTree = "<group>"; };
		D49E9E2F287BCAB000BA398A /* OnboardingCollectionViewCell.swift */ = {isa = PBXFileReference; lastKnownFileType = sourcecode.swift; path = OnboardingCollectionViewCell.swift; sourceTree = "<group>"; };
/* End PBXFileReference section */

/* Begin PBXFrameworksBuildPhase section */
		D49E9DEE287BBB2D00BA398A /* Frameworks */ = {
			isa = PBXFrameworksBuildPhase;
			buildActionMask = 2147483647;
			files = (
			);
			runOnlyForDeploymentPostprocessing = 0;
		};
		D49E9E04287BBB2E00BA398A /* Frameworks */ = {
			isa = PBXFrameworksBuildPhase;
			buildActionMask = 2147483647;
			files = (
			);
			runOnlyForDeploymentPostprocessing = 0;
		};
		D49E9E0E287BBB2F00BA398A /* Frameworks */ = {
			isa = PBXFrameworksBuildPhase;
			buildActionMask = 2147483647;
			files = (
			);
			runOnlyForDeploymentPostprocessing = 0;
		};
/* End PBXFrameworksBuildPhase section */

/* Begin PBXGroup section */
		D49E9DE8287BBB2D00BA398A = {
			isa = PBXGroup;
			children = (
				D49E9DF3287BBB2D00BA398A /* Food App */,
				D49E9E0A287BBB2F00BA398A /* Food AppTests */,
				D49E9E14287BBB2F00BA398A /* Food AppUITests */,
				D49E9DF2287BBB2D00BA398A /* Products */,
			);
			sourceTree = "<group>";
		};
		D49E9DF2287BBB2D00BA398A /* Products */ = {
			isa = PBXGroup;
			children = (
				D49E9DF1287BBB2D00BA398A /* Food App.app */,
				D49E9E07287BBB2E00BA398A /* Food AppTests.xctest */,
				D49E9E11287BBB2F00BA398A /* Food AppUITests.xctest */,
			);
			name = Products;
			sourceTree = "<group>";
		};
		D49E9DF3287BBB2D00BA398A /* Food App */ = {
			isa = PBXGroup;
			children = (
				D49E9E2A287BC5D300BA398A /* Extension */,
				D49E9E26287BBF1200BA398A /* CustomView */,
				D49E9E25287BBEF700BA398A /* View */,
				D49E9E24287BBEDF00BA398A /* Model */,
				D49E9DF4287BBB2D00BA398A /* AppDelegate.swift */,
				D49E9DF6287BBB2D00BA398A /* SceneDelegate.swift */,
				D49E9DF8287BBB2D00BA398A /* ViewController.swift */,
				D49E9DFA287BBB2D00BA398A /* Main.storyboard */,
				D49E9DFD287BBB2E00BA398A /* Assets.xcassets */,
				D49E9DFF287BBB2E00BA398A /* LaunchScreen.storyboard */,
				D49E9E02287BBB2E00BA398A /* Info.plist */,
			);
			path = "Food App";
			sourceTree = "<group>";
		};
		D49E9E0A287BBB2F00BA398A /* Food AppTests */ = {
			isa = PBXGroup;
			children = (
				D49E9E0B287BBB2F00BA398A /* Food_AppTests.swift */,
			);
			path = "Food AppTests";
			sourceTree = "<group>";
		};
		D49E9E14287BBB2F00BA398A /* Food AppUITests */ = {
			isa = PBXGroup;
			children = (
				D49E9E15287BBB2F00BA398A /* Food_AppUITests.swift */,
				D49E9E17287BBB2F00BA398A /* Food_AppUITestsLaunchTests.swift */,
			);
			path = "Food AppUITests";
			sourceTree = "<group>";
		};
		D49E9E24287BBEDF00BA398A /* Model */ = {
			isa = PBXGroup;
			children = (
				D49E9E2D287BC73600BA398A /* OnBoardingSlide.swift */,
			);
			path = Model;
			sourceTree = "<group>";
		};
		D49E9E25287BBEF700BA398A /* View */ = {
			isa = PBXGroup;
			children = (
				D49E9E27287BBF2C00BA398A /* OnBoarding */,
			);
			path = View;
			sourceTree = "<group>";
		};
		D49E9E26287BBF1200BA398A /* CustomView */ = {
			isa = PBXGroup;
			children = (
			);
			path = CustomView;
			sourceTree = "<group>";
		};
		D49E9E27287BBF2C00BA398A /* OnBoarding */ = {
			isa = PBXGroup;
			children = (
				D49E9E28287BBF8600BA398A /* OnBoardingViewController.swift */,
				D49E9E2F287BCAB000BA398A /* OnboardingCollectionViewCell.swift */,
			);
			path = OnBoarding;
			sourceTree = "<group>";
		};
		D49E9E2A287BC5D300BA398A /* Extension */ = {
			isa = PBXGroup;
			children = (
				D49E9E2B287BC60200BA398A /* UiView+Extension.swift */,
			);
			path = Extension;
			sourceTree = "<group>";
		};
/* End PBXGroup section */

/* Begin PBXNativeTarget section */
		D49E9DF0287BBB2D00BA398A /* Food App */ = {
			isa = PBXNativeTarget;
			buildConfigurationList = D49E9E1B287BBB2F00BA398A /* Build configuration list for PBXNativeTarget "Food App" */;
			buildPhases = (
				D49E9DED287BBB2D00BA398A /* Sources */,
				D49E9DEE287BBB2D00BA398A /* Frameworks */,
				D49E9DEF287BBB2D00BA398A /* Resources */,
			);
			buildRules = (
			);
			dependencies = (
			);
			name = "Food App";
			productName = "Food App";
			productReference = D49E9DF1287BBB2D00BA398A /* Food App.app */;
			productType = "com.apple.product-type.application";
		};
		D49E9E06287BBB2E00BA398A /* Food AppTests */ = {
			isa = PBXNativeTarget;
			buildConfigurationList = D49E9E1E287BBB2F00BA398A /* Build configuration list for PBXNativeTarget "Food AppTests" */;
			buildPhases = (
				D49E9E03287BBB2E00BA398A /* Sources */,
				D49E9E04287BBB2E00BA398A /* Frameworks */,
				D49E9E05287BBB2E00BA398A /* Resources */,
			);
			buildRules = (
			);
			dependencies = (
				D49E9E09287BBB2E00BA398A /* PBXTargetDependency */,
			);
			name = "Food AppTests";
			productName = "Food AppTests";
			productReference = D49E9E07287BBB2E00BA398A /* Food AppTests.xctest */;
			productType = "com.apple.product-type.bundle.unit-test";
		};
		D49E9E10287BBB2F00BA398A /* Food AppUITests */ = {
			isa = PBXNativeTarget;
			buildConfigurationList = D49E9E21287BBB2F00BA398A /* Build configuration list for PBXNativeTarget "Food AppUITests" */;
			buildPhases = (
				D49E9E0D287BBB2F00BA398A /* Sources */,
				D49E9E0E287BBB2F00BA398A /* Frameworks */,
				D49E9E0F287BBB2F00BA398A /* Resources */,
			);
			buildRules = (
			);
			dependencies = (
				D49E9E13287BBB2F00BA398A /* PBXTargetDependency */,
			);
			name = "Food AppUITests";
			productName = "Food AppUITests";
			productReference = D49E9E11287BBB2F00BA398A /* Food AppUITests.xctest */;
			productType = "com.apple.product-type.bundle.ui-testing";
		};
/* End PBXNativeTarget section */

/* Begin PBXProject section */
		D49E9DE9287BBB2D00BA398A /* Project object */ = {
			isa = PBXProject;
			attributes = {
				BuildIndependentTargetsInParallel = 1;
				LastSwiftUpdateCheck = 1340;
				LastUpgradeCheck = 1340;
				TargetAttributes = {
					D49E9DF0287BBB2D00BA398A = {
						CreatedOnToolsVersion = 13.4.1;
					};
					D49E9E06287BBB2E00BA398A = {
						CreatedOnToolsVersion = 13.4.1;
						TestTargetID = D49E9DF0287BBB2D00BA398A;
					};
					D49E9E10287BBB2F00BA398A = {
						CreatedOnToolsVersion = 13.4.1;
						TestTargetID = D49E9DF0287BBB2D00BA398A;
					};
				};
			};
			buildConfigurationList = D49E9DEC287BBB2D00BA398A /* Build configuration list for PBXProject "Food App" */;
			compatibilityVersion = "Xcode 13.0";
			developmentRegion = en;
			hasScannedForEncodings = 0;
			knownRegions = (
				en,
				Base,
			);
			mainGroup = D49E9DE8287BBB2D00BA398A;
			productRefGroup = D49E9DF2287BBB2D00BA398A /* Products */;
			projectDirPath = "";
			projectRoot = "";
			targets = (
				D49E9DF0287BBB2D00BA398A /* Food App */,
				D49E9E06287BBB2E00BA398A /* Food AppTests */,
				D49E9E10287BBB2F00BA398A /* Food AppUITests */,
			);
		};
/* End PBXProject section */

/* Begin PBXResourcesBuildPhase section */
		D49E9DEF287BBB2D00BA398A /* Resources */ = {
			isa = PBXResourcesBuildPhase;
			buildActionMask = 2147483647;
			files = (
				D49E9E01287BBB2E00BA398A /* LaunchScreen.storyboard in Resources */,
				D49E9DFE287BBB2E00BA398A /* Assets.xcassets in Resources */,
				D49E9DFC287BBB2D00BA398A /* Main.storyboard in Resources */,
			);
			runOnlyForDeploymentPostprocessing = 0;
		};
		D49E9E05287BBB2E00BA398A /* Resources */ = {
			isa = PBXResourcesBuildPhase;
			buildActionMask = 2147483647;
			files = (
			);
			runOnlyForDeploymentPostprocessing = 0;
		};
		D49E9E0F287BBB2F00BA398A /* Resources */ = {
			isa = PBXResourcesBuildPhase;
			buildActionMask = 2147483647;
			files = (
			);
			runOnlyForDeploymentPostprocessing = 0;
		};
/* End PBXResourcesBuildPhase section */

/* Begin PBXSourcesBuildPhase section */
		D49E9DED287BBB2D00BA398A /* Sources */ = {
			isa = PBXSourcesBuildPhase;
			buildActionMask = 2147483647;
			files = (
				D49E9DF9287BBB2D00BA398A /* ViewController.swift in Sources */,
				D49E9DF5287BBB2D00BA398A /* AppDelegate.swift in Sources */,
				D49E9E2C287BC60200BA398A /* UiView+Extension.swift in Sources */,
				D49E9DF7287BBB2D00BA398A /* SceneDelegate.swift in Sources */,
				D49E9E2E287BC73600BA398A /* OnBoardingSlide.swift in Sources */,
				D49E9E30287BCAB000BA398A /* OnboardingCollectionViewCell.swift in Sources */,
				D49E9E29287BBF8600BA398A /* OnBoardingViewController.swift in Sources */,
			);
			runOnlyForDeploymentPostprocessing = 0;
		};
		D49E9E03287BBB2E00BA398A /* Sources */ = {
			isa = PBXSourcesBuildPhase;
			buildActionMask = 2147483647;
			files = (
				D49E9E0C287BBB2F00BA398A /* Food_AppTests.swift in Sources */,
			);
			runOnlyForDeploymentPostprocessing = 0;
		};
		D49E9E0D287BBB2F00BA398A /* Sources */ = {
			isa = PBXSourcesBuildPhase;
			buildActionMask = 2147483647;
			files = (
				D49E9E18287BBB2F00BA398A /* Food_AppUITestsLaunchTests.swift in Sources */,
				D49E9E16287BBB2F00BA398A /* Food_AppUITests.swift in Sources */,
			);
			runOnlyForDeploymentPostprocessing = 0;
		};
/* End PBXSourcesBuildPhase section */

/* Begin PBXTargetDependency section */
		D49E9E09287BBB2E00BA398A /* PBXTargetDependency */ = {
			isa = PBXTargetDependency;
			target = D49E9DF0287BBB2D00BA398A /* Food App */;
			targetProxy = D49E9E08287BBB2E00BA398A /* PBXContainerItemProxy */;
		};
		D49E9E13287BBB2F00BA398A /* PBXTargetDependency */ = {
			isa = PBXTargetDependency;
			target = D49E9DF0287BBB2D00BA398A /* Food App */;
			targetProxy = D49E9E12287BBB2F00BA398A /* PBXContainerItemProxy */;
		};
/* End PBXTargetDependency section */

/* Begin PBXVariantGroup section */
		D49E9DFA287BBB2D00BA398A /* Main.storyboard */ = {
			isa = PBXVariantGroup;
			children = (
				D49E9DFB287BBB2D00BA398A /* Base */,
			);
			name = Main.storyboard;
			sourceTree = "<group>";
		};
		D49E9DFF287BBB2E00BA398A /* LaunchScreen.storyboard */ = {
			isa = PBXVariantGroup;
			children = (
				D49E9E00287BBB2E00BA398A /* Base */,
			);
			name = LaunchScreen.storyboard;
			sourceTree = "<group>";
		};
/* End PBXVariantGroup section */

/* Begin XCBuildConfiguration section */
		D49E9E19287BBB2F00BA398A /* Debug */ = {
			isa = XCBuildConfiguration;
			buildSettings = {
				ALWAYS_SEARCH_USER_PATHS = NO;
				CLANG_ANALYZER_NONNULL = YES;
				CLANG_ANALYZER_NUMBER_OBJECT_CONVERSION = YES_AGGRESSIVE;
				CLANG_CXX_LANGUAGE_STANDARD = "gnu++17";
				CLANG_ENABLE_MODULES = YES;
				CLANG_ENABLE_OBJC_ARC = YES;
				CLANG_ENABLE_OBJC_WEAK = YES;
				CLANG_WARN_BLOCK_CAPTURE_AUTORELEASING = YES;
				CLANG_WARN_BOOL_CONVERSION = YES;
				CLANG_WARN_COMMA = YES;
				CLANG_WARN_CONSTANT_CONVERSION = YES;
				CLANG_WARN_DEPRECATED_OBJC_IMPLEMENTATIONS = YES;
				CLANG_WARN_DIRECT_OBJC_ISA_USAGE = YES_ERROR;
				CLANG_WARN_DOCUMENTATION_COMMENTS = YES;
				CLANG_WARN_EMPTY_BODY = YES;
				CLANG_WARN_ENUM_CONVERSION = YES;
				CLANG_WARN_INFINITE_RECURSION = YES;
				CLANG_WARN_INT_CONVERSION = YES;
				CLANG_WARN_NON_LITERAL_NULL_CONVERSION = YES;
				CLANG_WARN_OBJC_IMPLICIT_RETAIN_SELF = YES;
				CLANG_WARN_OBJC_LITERAL_CONVERSION = YES;
				CLANG_WARN_OBJC_ROOT_CLASS = YES_ERROR;
				CLANG_WARN_QUOTED_INCLUDE_IN_FRAMEWORK_HEADER = YES;
				CLANG_WARN_RANGE_LOOP_ANALYSIS = YES;
				CLANG_WARN_STRICT_PROTOTYPES = YES;
				CLANG_WARN_SUSPICIOUS_MOVE = YES;
				CLANG_WARN_UNGUARDED_AVAILABILITY = YES_AGGRESSIVE;
				CLANG_WARN_UNREACHABLE_CODE = YES;
				CLANG_WARN__DUPLICATE_METHOD_MATCH = YES;
				COPY_PHASE_STRIP = NO;
				DEBUG_INFORMATION_FORMAT = dwarf;
				ENABLE_STRICT_OBJC_MSGSEND = YES;
				ENABLE_TESTABILITY = YES;
				GCC_C_LANGUAGE_STANDARD = gnu11;
				GCC_DYNAMIC_NO_PIC = NO;
				GCC_NO_COMMON_BLOCKS = YES;
				GCC_OPTIMIZATION_LEVEL = 0;
				GCC_PREPROCESSOR_DEFINITIONS = (
					"DEBUG=1",
					"$(inherited)",
				);
				GCC_WARN_64_TO_32_BIT_CONVERSION = YES;
				GCC_WARN_ABOUT_RETURN_TYPE = YES_ERROR;
				GCC_WARN_UNDECLARED_SELECTOR = YES;
				GCC_WARN_UNINITIALIZED_AUTOS = YES_AGGRESSIVE;
				GCC_WARN_UNUSED_FUNCTION = YES;
				GCC_WARN_UNUSED_VARIABLE = YES;
				IPHONEOS_DEPLOYMENT_TARGET = 15.5;
				MTL_ENABLE_DEBUG_INFO = INCLUDE_SOURCE;
				MTL_FAST_MATH = YES;
				ONLY_ACTIVE_ARCH = YES;
				SDKROOT = iphoneos;
				SWIFT_ACTIVE_COMPILATION_CONDITIONS = DEBUG;
				SWIFT_OPTIMIZATION_LEVEL = "-Onone";
			};
			name = Debug;
		};
		D49E9E1A287BBB2F00BA398A /* Release */ = {
			isa = XCBuildConfiguration;
			buildSettings = {
				ALWAYS_SEARCH_USER_PATHS = NO;
				CLANG_ANALYZER_NONNULL = YES;
				CLANG_ANALYZER_NUMBER_OBJECT_CONVERSION = YES_AGGRESSIVE;
				CLANG_CXX_LANGUAGE_STANDARD = "gnu++17";
				CLANG_ENABLE_MODULES = YES;
				CLANG_ENABLE_OBJC_ARC = YES;
				CLANG_ENABLE_OBJC_WEAK = YES;
				CLANG_WARN_BLOCK_CAPTURE_AUTORELEASING = YES;
				CLANG_WARN_BOOL_CONVERSION = YES;
				CLANG_WARN_COMMA = YES;
				CLANG_WARN_CONSTANT_CONVERSION = YES;
				CLANG_WARN_DEPRECATED_OBJC_IMPLEMENTATIONS = YES;
				CLANG_WARN_DIRECT_OBJC_ISA_USAGE = YES_ERROR;
				CLANG_WARN_DOCUMENTATION_COMMENTS = YES;
				CLANG_WARN_EMPTY_BODY = YES;
				CLANG_WARN_ENUM_CONVERSION = YES;
				CLANG_WARN_INFINITE_RECURSION = YES;
				CLANG_WARN_INT_CONVERSION = YES;
				CLANG_WARN_NON_LITERAL_NULL_CONVERSION = YES;
				CLANG_WARN_OBJC_IMPLICIT_RETAIN_SELF = YES;
				CLANG_WARN_OBJC_LITERAL_CONVERSION = YES;
				CLANG_WARN_OBJC_ROOT_CLASS = YES_ERROR;
				CLANG_WARN_QUOTED_INCLUDE_IN_FRAMEWORK_HEADER = YES;
				CLANG_WARN_RANGE_LOOP_ANALYSIS = YES;
				CLANG_WARN_STRICT_PROTOTYPES = YES;
				CLANG_WARN_SUSPICIOUS_MOVE = YES;
				CLANG_WARN_UNGUARDED_AVAILABILITY = YES_AGGRESSIVE;
				CLANG_WARN_UNREACHABLE_CODE = YES;
				CLANG_WARN__DUPLICATE_METHOD_MATCH = YES;
				COPY_PHASE_STRIP = NO;
				DEBUG_INFORMATION_FORMAT = "dwarf-with-dsym";
				ENABLE_NS_ASSERTIONS = NO;
				ENABLE_STRICT_OBJC_MSGSEND = YES;
				GCC_C_LANGUAGE_STANDARD = gnu11;
				GCC_NO_COMMON_BLOCKS = YES;
				GCC_WARN_64_TO_32_BIT_CONVERSION = YES;
				GCC_WARN_ABOUT_RETURN_TYPE = YES_ERROR;
				GCC_WARN_UNDECLARED_SELECTOR = YES;
				GCC_WARN_UNINITIALIZED_AUTOS = YES_AGGRESSIVE;
				GCC_WARN_UNUSED_FUNCTION = YES;
				GCC_WARN_UNUSED_VARIABLE = YES;
				IPHONEOS_DEPLOYMENT_TARGET = 15.5;
				MTL_ENABLE_DEBUG_INFO = NO;
				MTL_FAST_MATH = YES;
				SDKROOT = iphoneos;
				SWIFT_COMPILATION_MODE = wholemodule;
				SWIFT_OPTIMIZATION_LEVEL = "-O";
				VALIDATE_PRODUCT = YES;
			};
			name = Release;
		};
		D49E9E1C287BBB2F00BA398A /* Debug */ = {
			isa = XCBuildConfiguration;
			buildSettings = {
				ASSETCATALOG_COMPILER_APPICON_NAME = AppIcon;
				ASSETCATALOG_COMPILER_GLOBAL_ACCENT_COLOR_NAME = AccentColor;
				CODE_SIGN_STYLE = Automatic;
				CURRENT_PROJECT_VERSION = 1;
				DEVELOPMENT_TEAM = U24GTSF2ZV;
				GENERATE_INFOPLIST_FILE = YES;
				INFOPLIST_FILE = "Food App/Info.plist";
				INFOPLIST_KEY_UIApplicationSupportsIndirectInputEvents = YES;
				INFOPLIST_KEY_UILaunchStoryboardName = LaunchScreen;
				INFOPLIST_KEY_UIMainStoryboardFile = Main;
				INFOPLIST_KEY_UISupportedInterfaceOrientations_iPad = "UIInterfaceOrientationPortrait UIInterfaceOrientationPortraitUpsideDown UIInterfaceOrientationLandscapeLeft UIInterfaceOrientationLandscapeRight";
				INFOPLIST_KEY_UISupportedInterfaceOrientations_iPhone = "UIInterfaceOrientationPortrait UIInterfaceOrientationLandscapeLeft UIInterfaceOrientationLandscapeRight";
				LD_RUNPATH_SEARCH_PATHS = (
					"$(inherited)",
					"@executable_path/Frameworks",
				);
				MARKETING_VERSION = 1.0;
				PRODUCT_BUNDLE_IDENTIFIER = "br.com.example.Food-App";
				PRODUCT_NAME = "$(TARGET_NAME)";
				SWIFT_EMIT_LOC_STRINGS = YES;
				SWIFT_VERSION = 5.0;
				TARGETED_DEVICE_FAMILY = "1,2";
			};
			name = Debug;
		};
		D49E9E1D287BBB2F00BA398A /* Release */ = {
			isa = XCBuildConfiguration;
			buildSettings = {
				ASSETCATALOG_COMPILER_APPICON_NAME = AppIcon;
				ASSETCATALOG_COMPILER_GLOBAL_ACCENT_COLOR_NAME = AccentColor;
				CODE_SIGN_STYLE = Automatic;
				CURRENT_PROJECT_VERSION = 1;
				DEVELOPMENT_TEAM = U24GTSF2ZV;
				GENERATE_INFOPLIST_FILE = YES;
				INFOPLIST_FILE = "Food App/Info.plist";
				INFOPLIST_KEY_UIApplicationSupportsIndirectInputEvents = YES;
				INFOPLIST_KEY_UILaunchStoryboardName = LaunchScreen;
				INFOPLIST_KEY_UIMainStoryboardFile = Main;
				INFOPLIST_KEY_UISupportedInterfaceOrientations_iPad = "UIInterfaceOrientationPortrait UIInterfaceOrientationPortraitUpsideDown UIInterfaceOrientationLandscapeLeft UIInterfaceOrientationLandscapeRight";
				INFOPLIST_KEY_UISupportedInterfaceOrientations_iPhone = "UIInterfaceOrientationPortrait UIInterfaceOrientationLandscapeLeft UIInterfaceOrientationLandscapeRight";
				LD_RUNPATH_SEARCH_PATHS = (
					"$(inherited)",
					"@executable_path/Frameworks",
				);
				MARKETING_VERSION = 1.0;
				PRODUCT_BUNDLE_IDENTIFIER = "br.com.example.Food-App";
				PRODUCT_NAME = "$(TARGET_NAME)";
				SWIFT_EMIT_LOC_STRINGS = YES;
				SWIFT_VERSION = 5.0;
				TARGETED_DEVICE_FAMILY = "1,2";
			};
			name = Release;
		};
		D49E9E1F287BBB2F00BA398A /* Debug */ = {
			isa = XCBuildConfiguration;
			buildSettings = {
				ALWAYS_EMBED_SWIFT_STANDARD_LIBRARIES = YES;
				BUNDLE_LOADER = "$(TEST_HOST)";
				CODE_SIGN_STYLE = Automatic;
				CURRENT_PROJECT_VERSION = 1;
				DEVELOPMENT_TEAM = U24GTSF2ZV;
				GENERATE_INFOPLIST_FILE = YES;
				IPHONEOS_DEPLOYMENT_TARGET = 15.5;
				MARKETING_VERSION = 1.0;
				PRODUCT_BUNDLE_IDENTIFIER = "br.com.example.Food-AppTests";
				PRODUCT_NAME = "$(TARGET_NAME)";
				SWIFT_EMIT_LOC_STRINGS = NO;
				SWIFT_VERSION = 5.0;
				TARGETED_DEVICE_FAMILY = "1,2";
				TEST_HOST = "$(BUILT_PRODUCTS_DIR)/Food App.app/Food App";
			};
			name = Debug;
		};
		D49E9E20287BBB2F00BA398A /* Release */ = {
			isa = XCBuildConfiguration;
			buildSettings = {
				ALWAYS_EMBED_SWIFT_STANDARD_LIBRARIES = YES;
				BUNDLE_LOADER = "$(TEST_HOST)";
				CODE_SIGN_STYLE = Automatic;
				CURRENT_PROJECT_VERSION = 1;
				DEVELOPMENT_TEAM = U24GTSF2ZV;
				GENERATE_INFOPLIST_FILE = YES;
				IPHONEOS_DEPLOYMENT_TARGET = 15.5;
				MARKETING_VERSION = 1.0;
				PRODUCT_BUNDLE_IDENTIFIER = "br.com.example.Food-AppTests";
				PRODUCT_NAME = "$(TARGET_NAME)";
				SWIFT_EMIT_LOC_STRINGS = NO;
				SWIFT_VERSION = 5.0;
				TARGETED_DEVICE_FAMILY = "1,2";
				TEST_HOST = "$(BUILT_PRODUCTS_DIR)/Food App.app/Food App";
			};
			name = Release;
		};
		D49E9E22287BBB2F00BA398A /* Debug */ = {
			isa = XCBuildConfiguration;
			buildSettings = {
				ALWAYS_EMBED_SWIFT_STANDARD_LIBRARIES = YES;
				CODE_SIGN_STYLE = Automatic;
				CURRENT_PROJECT_VERSION = 1;
				DEVELOPMENT_TEAM = U24GTSF2ZV;
				GENERATE_INFOPLIST_FILE = YES;
				MARKETING_VERSION = 1.0;
				PRODUCT_BUNDLE_IDENTIFIER = "br.com.example.Food-AppUITests";
				PRODUCT_NAME = "$(TARGET_NAME)";
				SWIFT_EMIT_LOC_STRINGS = NO;
				SWIFT_VERSION = 5.0;
				TARGETED_DEVICE_FAMILY = "1,2";
				TEST_TARGET_NAME = "Food App";
			};
			name = Debug;
		};
		D49E9E23287BBB2F00BA398A /* Release */ = {
			isa = XCBuildConfiguration;
			buildSettings = {
				ALWAYS_EMBED_SWIFT_STANDARD_LIBRARIES = YES;
				CODE_SIGN_STYLE = Automatic;
				CURRENT_PROJECT_VERSION = 1;
				DEVELOPMENT_TEAM = U24GTSF2ZV;
				GENERATE_INFOPLIST_FILE = YES;
				MARKETING_VERSION = 1.0;
				PRODUCT_BUNDLE_IDENTIFIER = "br.com.example.Food-AppUITests";
				PRODUCT_NAME = "$(TARGET_NAME)";
				SWIFT_EMIT_LOC_STRINGS = NO;
				SWIFT_VERSION = 5.0;
				TARGETED_DEVICE_FAMILY = "1,2";
				TEST_TARGET_NAME = "Food App";
			};
			name = Release;
		};
/* End XCBuildConfiguration section */

/* Begin XCConfigurationList section */
		D49E9DEC287BBB2D00BA398A /* Build configuration list for PBXProject "Food App" */ = {
			isa = XCConfigurationList;
			buildConfigurations = (
				D49E9E19287BBB2F00BA398A /* Debug */,
				D49E9E1A287BBB2F00BA398A /* Release */,
			);
			defaultConfigurationIsVisible = 0;
			defaultConfigurationName = Release;
		};
		D49E9E1B287BBB2F00BA398A /* Build configuration list for PBXNativeTarget "Food App" */ = {
			isa = XCConfigurationList;
			buildConfigurations = (
				D49E9E1C287BBB2F00BA398A /* Debug */,
				D49E9E1D287BBB2F00BA398A /* Release */,
			);
			defaultConfigurationIsVisible = 0;
			defaultConfigurationName = Release;
		};
		D49E9E1E287BBB2F00BA398A /* Build configuration list for PBXNativeTarget "Food AppTests" */ = {
			isa = XCConfigurationList;
			buildConfigurations = (
				D49E9E1F287BBB2F00BA398A /* Debug */,
				D49E9E20287BBB2F00BA398A /* Release */,
			);
			defaultConfigurationIsVisible = 0;
			defaultConfigurationName = Release;
		};
		D49E9E21287BBB2F00BA398A /* Build configuration list for PBXNativeTarget "Food AppUITests" */ = {
			isa = XCConfigurationList;
			buildConfigurations = (
				D49E9E22287BBB2F00BA398A /* Debug */,
				D49E9E23287BBB2F00BA398A /* Release */,
			);
			defaultConfigurationIsVisible = 0;
			defaultConfigurationName = Release;
		};
/* End XCConfigurationList section */
	};
	rootObject = D49E9DE9287BBB2D00BA398A /* Project object */;
}
